
Microsoft Visual Studio Solution File, Format Version 12.00
# Visual Studio Version 16
VisualStudioVersion = 16.0.30907.101
MinimumVisualStudioVersion = 10.0.40219.1
Project("{F2A71F9B-5D33-465A-A702-920D77279786}") = "n11", "n11\n11.fsproj", "{BBCBD76D-C88A-4E7F-BC89-082EC909B3D9}"
EndProject
Project("{F2A71F9B-5D33-465A-A702-920D77279786}") = "n12", "n12\n12.fsproj", "{70F3287D-65B7-4CDF-A352-22DB1C68E270}"
EndProject
Project("{F2A71F9B-5D33-465A-A702-920D77279786}") = "n13", "n13\n13.fsproj", "{E84E6F49-65A1-4639-BB51-3E351045A540}"
EndProject
Project("{F2A71F9B-5D33-465A-A702-920D77279786}") = "n14", "n14\n14.fsproj", "{E35F49DE-3697-42C6-9D96-332CA7A5A810}"
EndProject
Project("{F2A71F9B-5D33-465A-A702-920D77279786}") = "n15_16", "n15\n15_16.fsproj", "{871B8735-B6F1-41E8-AF7B-1125543D52BB}"
EndProject
Project("{F2A71F9B-5D33-465A-A702-920D77279786}") = "n17", "n17\n17.fsproj", "{FA1A58B8-DD39-4C8B-B5C8-0F7EBF9EA6F3}"
EndProject
Project("{F2A71F9B-5D33-465A-A702-920D77279786}") = "n18", "n18\n18.fsproj", "{8DF3AFB0-38E9-4E8B-A9E8-CF33296EEF74}"
EndProject
Global
	GlobalSection(SolutionConfigurationPlatforms) = preSolution
		Debug|Any CPU = Debug|Any CPU
		Release|Any CPU = Release|Any CPU
	EndGlobalSection
	GlobalSection(ProjectConfigurationPlatforms) = postSolution
		{BBCBD76D-C88A-4E7F-BC89-082EC909B3D9}.Debug|Any CPU.ActiveCfg = Debug|Any CPU
		{BBCBD76D-C88A-4E7F-BC89-082EC909B3D9}.Debug|Any CPU.Build.0 = Debug|Any CPU
		{BBCBD76D-C88A-4E7F-BC89-082EC909B3D9}.Release|Any CPU.ActiveCfg = Release|Any CPU
		{BBCBD76D-C88A-4E7F-BC89-082EC909B3D9}.Release|Any CPU.Build.0 = Release|Any CPU
		{70F3287D-65B7-4CDF-A352-22DB1C68E270}.Debug|Any CPU.ActiveCfg = Debug|Any CPU
		{70F3287D-65B7-4CDF-A352-22DB1C68E270}.Debug|Any CPU.Build.0 = Debug|Any CPU
		{70F3287D-65B7-4CDF-A352-22DB1C68E270}.Release|Any CPU.ActiveCfg = Release|Any CPU
		{70F3287D-65B7-4CDF-A352-22DB1C68E270}.Release|Any CPU.Build.0 = Release|Any CPU
		{E84E6F49-65A1-4639-BB51-3E351045A540}.Debug|Any CPU.ActiveCfg = Debug|Any CPU
		{E84E6F49-65A1-4639-BB51-3E351045A540}.Debug|Any CPU.Build.0 = Debug|Any CPU
		{E84E6F49-65A1-4639-BB51-3E351045A540}.Release|Any CPU.ActiveCfg = Release|Any CPU
		{E84E6F49-65A1-4639-BB51-3E351045A540}.Release|Any CPU.Build.0 = Release|Any CPU
		{E35F49DE-3697-42C6-9D96-332CA7A5A810}.Debug|Any CPU.ActiveCfg = Debug|Any CPU
		{E35F49DE-3697-42C6-9D96-332CA7A5A810}.Debug|Any CPU.Build.0 = Debug|Any CPU
		{E35F49DE-3697-42C6-9D96-332CA7A5A810}.Release|Any CPU.ActiveCfg = Release|Any CPU
		{E35F49DE-3697-42C6-9D96-332CA7A5A810}.Release|Any CPU.Build.0 = Release|Any CPU
		{871B8735-B6F1-41E8-AF7B-1125543D52BB}.Debug|Any CPU.ActiveCfg = Debug|Any CPU
		{871B8735-B6F1-41E8-AF7B-1125543D52BB}.Debug|Any CPU.Build.0 = Debug|Any CPU
		{871B8735-B6F1-41E8-AF7B-1125543D52BB}.Release|Any CPU.ActiveCfg = Release|Any CPU
		{871B8735-B6F1-41E8-AF7B-1125543D52BB}.Release|Any CPU.Build.0 = Release|Any CPU
		{FA1A58B8-DD39-4C8B-B5C8-0F7EBF9EA6F3}.Debug|Any CPU.ActiveCfg = Debug|Any CPU
		{FA1A58B8-DD39-4C8B-B5C8-0F7EBF9EA6F3}.Debug|Any CPU.Build.0 = Debug|Any CPU
		{FA1A58B8-DD39-4C8B-B5C8-0F7EBF9EA6F3}.Release|Any CPU.ActiveCfg = Release|Any CPU
		{FA1A58B8-DD39-4C8B-B5C8-0F7EBF9EA6F3}.Release|Any CPU.Build.0 = Release|Any CPU
		{8DF3AFB0-38E9-4E8B-A9E8-CF33296EEF74}.Debug|Any CPU.ActiveCfg = Debug|Any CPU
		{8DF3AFB0-38E9-4E8B-A9E8-CF33296EEF74}.Debug|Any CPU.Build.0 = Debug|Any CPU
		{8DF3AFB0-38E9-4E8B-A9E8-CF33296EEF74}.Release|Any CPU.ActiveCfg = Release|Any CPU
		{8DF3AFB0-38E9-4E8B-A9E8-CF33296EEF74}.Release|Any CPU.Build.0 = Release|Any CPU
	EndGlobalSection
	GlobalSection(SolutionProperties) = preSolution
		HideSolutionNode = FALSE
	EndGlobalSection
	GlobalSection(ExtensibilityGlobals) = postSolution
		SolutionGuid = {1F47D0A5-A9C4-466C-9455-C2A5E9810C0D}
	EndGlobalSection
EndGlobal
