
Microsoft Visual Studio Solution File, Format Version 12.00
# Visual Studio Version 16
VisualStudioVersion = 16.0.30907.101
MinimumVisualStudioVersion = 10.0.40219.1
Project("{6EC3EE1D-3C4E-46DD-8F32-0CC8E7565705}") = "lr5", "lr5\lr5.fsproj", "{89DC5BC3-5B1F-4807-8D71-337B6715AE23}"
EndProject
Project("{6EC3EE1D-3C4E-46DD-8F32-0CC8E7565705}") = "lr6", "lr6\lr6.fsproj", "{74C4AB72-CFAE-4702-B745-D1A2715D3728}"
EndProject
Project("{F2A71F9B-5D33-465A-A702-920D77279786}") = "lr7", "lr7\lr7.fsproj", "{11E8713A-3A4E-46B4-BC1D-00E53ECB4708}"
EndProject
Project("{F2A71F9B-5D33-465A-A702-920D77279786}") = "lr8", "lr8\lr8.fsproj", "{2F55840F-1D4A-40B1-9BC4-7FA59EF66A6F}"
EndProject
Global
	GlobalSection(SolutionConfigurationPlatforms) = preSolution
		Debug|Any CPU = Debug|Any CPU
		Release|Any CPU = Release|Any CPU
	EndGlobalSection
	GlobalSection(ProjectConfigurationPlatforms) = postSolution
		{89DC5BC3-5B1F-4807-8D71-337B6715AE23}.Debug|Any CPU.ActiveCfg = Debug|Any CPU
		{89DC5BC3-5B1F-4807-8D71-337B6715AE23}.Debug|Any CPU.Build.0 = Debug|Any CPU
		{89DC5BC3-5B1F-4807-8D71-337B6715AE23}.Release|Any CPU.ActiveCfg = Release|Any CPU
		{89DC5BC3-5B1F-4807-8D71-337B6715AE23}.Release|Any CPU.Build.0 = Release|Any CPU
		{74C4AB72-CFAE-4702-B745-D1A2715D3728}.Debug|Any CPU.ActiveCfg = Debug|Any CPU
		{74C4AB72-CFAE-4702-B745-D1A2715D3728}.Debug|Any CPU.Build.0 = Debug|Any CPU
		{74C4AB72-CFAE-4702-B745-D1A2715D3728}.Release|Any CPU.ActiveCfg = Release|Any CPU
		{74C4AB72-CFAE-4702-B745-D1A2715D3728}.Release|Any CPU.Build.0 = Release|Any CPU
		{11E8713A-3A4E-46B4-BC1D-00E53ECB4708}.Debug|Any CPU.ActiveCfg = Debug|Any CPU
		{11E8713A-3A4E-46B4-BC1D-00E53ECB4708}.Debug|Any CPU.Build.0 = Debug|Any CPU
		{11E8713A-3A4E-46B4-BC1D-00E53ECB4708}.Release|Any CPU.ActiveCfg = Release|Any CPU
		{11E8713A-3A4E-46B4-BC1D-00E53ECB4708}.Release|Any CPU.Build.0 = Release|Any CPU
		{2F55840F-1D4A-40B1-9BC4-7FA59EF66A6F}.Debug|Any CPU.ActiveCfg = Debug|Any CPU
		{2F55840F-1D4A-40B1-9BC4-7FA59EF66A6F}.Debug|Any CPU.Build.0 = Debug|Any CPU
		{2F55840F-1D4A-40B1-9BC4-7FA59EF66A6F}.Release|Any CPU.ActiveCfg = Release|Any CPU
		{2F55840F-1D4A-40B1-9BC4-7FA59EF66A6F}.Release|Any CPU.Build.0 = Release|Any CPU
	EndGlobalSection
	GlobalSection(SolutionProperties) = preSolution
		HideSolutionNode = FALSE
	EndGlobalSection
	GlobalSection(ExtensibilityGlobals) = postSolution
		SolutionGuid = {9046D79A-057B-474B-A8E5-802B568102BC}
	EndGlobalSection
EndGlobal
