
Microsoft Visual Studio Solution File, Format Version 12.00
# Visual Studio Version 16
VisualStudioVersion = 16.0.30907.101
MinimumVisualStudioVersion = 10.0.40219.1
Project("{6EC3EE1D-3C4E-46DD-8F32-0CC8E7565705}") = "n2", "n2\n2.fsproj", "{58DC201C-8475-4DCD-A693-649EA5F5224C}"
EndProject
Project("{6EC3EE1D-3C4E-46DD-8F32-0CC8E7565705}") = "n12", "n12\n12.fsproj", "{1BD57FF1-AD98-452F-B431-2BC040E533DD}"
EndProject
Project("{6EC3EE1D-3C4E-46DD-8F32-0CC8E7565705}") = "n22", "n22\n22.fsproj", "{B6699950-2051-4D4A-AB99-ED94247F91E4}"
EndProject
Project("{6EC3EE1D-3C4E-46DD-8F32-0CC8E7565705}") = "n32", "n32\n32.fsproj", "{07DADAF2-AACB-4A59-9DD7-D8E7581D7931}"
EndProject
Project("{6EC3EE1D-3C4E-46DD-8F32-0CC8E7565705}") = "n42", "n42\n42.fsproj", "{4A476B01-3C4A-4F08-8031-E34598852FF1}"
EndProject
Project("{6EC3EE1D-3C4E-46DD-8F32-0CC8E7565705}") = "n52", "n52\n52.fsproj", "{48460C67-63D4-45B4-9990-889288F44C22}"
EndProject
Project("{F2A71F9B-5D33-465A-A702-920D77279786}") = "n7", "n7\n7.fsproj", "{E951B0F8-E982-41D9-9900-F992C56CC9E1}"
EndProject
Project("{F2A71F9B-5D33-465A-A702-920D77279786}") = "n8", "n8\n8.fsproj", "{EAA3E266-941B-4D1C-A814-80979AED16BF}"
EndProject
Project("{F2A71F9B-5D33-465A-A702-920D77279786}") = "9", "9\9.fsproj", "{7A1F1DBB-1CA1-42E1-A375-9DB180F9ECE4}"
EndProject
Project("{F2A71F9B-5D33-465A-A702-920D77279786}") = "n10", "n10\n10.fsproj", "{EF00B6E3-4155-4B88-BA55-6681D03A77C3}"
EndProject
Global
	GlobalSection(SolutionConfigurationPlatforms) = preSolution
		Debug|Any CPU = Debug|Any CPU
		Release|Any CPU = Release|Any CPU
	EndGlobalSection
	GlobalSection(ProjectConfigurationPlatforms) = postSolution
		{58DC201C-8475-4DCD-A693-649EA5F5224C}.Debug|Any CPU.ActiveCfg = Debug|Any CPU
		{58DC201C-8475-4DCD-A693-649EA5F5224C}.Debug|Any CPU.Build.0 = Debug|Any CPU
		{58DC201C-8475-4DCD-A693-649EA5F5224C}.Release|Any CPU.ActiveCfg = Release|Any CPU
		{58DC201C-8475-4DCD-A693-649EA5F5224C}.Release|Any CPU.Build.0 = Release|Any CPU
		{1BD57FF1-AD98-452F-B431-2BC040E533DD}.Debug|Any CPU.ActiveCfg = Debug|Any CPU
		{1BD57FF1-AD98-452F-B431-2BC040E533DD}.Debug|Any CPU.Build.0 = Debug|Any CPU
		{1BD57FF1-AD98-452F-B431-2BC040E533DD}.Release|Any CPU.ActiveCfg = Release|Any CPU
		{1BD57FF1-AD98-452F-B431-2BC040E533DD}.Release|Any CPU.Build.0 = Release|Any CPU
		{B6699950-2051-4D4A-AB99-ED94247F91E4}.Debug|Any CPU.ActiveCfg = Debug|Any CPU
		{B6699950-2051-4D4A-AB99-ED94247F91E4}.Debug|Any CPU.Build.0 = Debug|Any CPU
		{B6699950-2051-4D4A-AB99-ED94247F91E4}.Release|Any CPU.ActiveCfg = Release|Any CPU
		{B6699950-2051-4D4A-AB99-ED94247F91E4}.Release|Any CPU.Build.0 = Release|Any CPU
		{07DADAF2-AACB-4A59-9DD7-D8E7581D7931}.Debug|Any CPU.ActiveCfg = Debug|Any CPU
		{07DADAF2-AACB-4A59-9DD7-D8E7581D7931}.Debug|Any CPU.Build.0 = Debug|Any CPU
		{07DADAF2-AACB-4A59-9DD7-D8E7581D7931}.Release|Any CPU.ActiveCfg = Release|Any CPU
		{07DADAF2-AACB-4A59-9DD7-D8E7581D7931}.Release|Any CPU.Build.0 = Release|Any CPU
		{4A476B01-3C4A-4F08-8031-E34598852FF1}.Debug|Any CPU.ActiveCfg = Debug|Any CPU
		{4A476B01-3C4A-4F08-8031-E34598852FF1}.Debug|Any CPU.Build.0 = Debug|Any CPU
		{4A476B01-3C4A-4F08-8031-E34598852FF1}.Release|Any CPU.ActiveCfg = Release|Any CPU
		{4A476B01-3C4A-4F08-8031-E34598852FF1}.Release|Any CPU.Build.0 = Release|Any CPU
		{48460C67-63D4-45B4-9990-889288F44C22}.Debug|Any CPU.ActiveCfg = Debug|Any CPU
		{48460C67-63D4-45B4-9990-889288F44C22}.Debug|Any CPU.Build.0 = Debug|Any CPU
		{48460C67-63D4-45B4-9990-889288F44C22}.Release|Any CPU.ActiveCfg = Release|Any CPU
		{48460C67-63D4-45B4-9990-889288F44C22}.Release|Any CPU.Build.0 = Release|Any CPU
		{E951B0F8-E982-41D9-9900-F992C56CC9E1}.Debug|Any CPU.ActiveCfg = Debug|Any CPU
		{E951B0F8-E982-41D9-9900-F992C56CC9E1}.Debug|Any CPU.Build.0 = Debug|Any CPU
		{E951B0F8-E982-41D9-9900-F992C56CC9E1}.Release|Any CPU.ActiveCfg = Release|Any CPU
		{E951B0F8-E982-41D9-9900-F992C56CC9E1}.Release|Any CPU.Build.0 = Release|Any CPU
		{EAA3E266-941B-4D1C-A814-80979AED16BF}.Debug|Any CPU.ActiveCfg = Debug|Any CPU
		{EAA3E266-941B-4D1C-A814-80979AED16BF}.Debug|Any CPU.Build.0 = Debug|Any CPU
		{EAA3E266-941B-4D1C-A814-80979AED16BF}.Release|Any CPU.ActiveCfg = Release|Any CPU
		{EAA3E266-941B-4D1C-A814-80979AED16BF}.Release|Any CPU.Build.0 = Release|Any CPU
		{7A1F1DBB-1CA1-42E1-A375-9DB180F9ECE4}.Debug|Any CPU.ActiveCfg = Debug|Any CPU
		{7A1F1DBB-1CA1-42E1-A375-9DB180F9ECE4}.Debug|Any CPU.Build.0 = Debug|Any CPU
		{7A1F1DBB-1CA1-42E1-A375-9DB180F9ECE4}.Release|Any CPU.ActiveCfg = Release|Any CPU
		{7A1F1DBB-1CA1-42E1-A375-9DB180F9ECE4}.Release|Any CPU.Build.0 = Release|Any CPU
		{EF00B6E3-4155-4B88-BA55-6681D03A77C3}.Debug|Any CPU.ActiveCfg = Debug|Any CPU
		{EF00B6E3-4155-4B88-BA55-6681D03A77C3}.Debug|Any CPU.Build.0 = Debug|Any CPU
		{EF00B6E3-4155-4B88-BA55-6681D03A77C3}.Release|Any CPU.ActiveCfg = Release|Any CPU
		{EF00B6E3-4155-4B88-BA55-6681D03A77C3}.Release|Any CPU.Build.0 = Release|Any CPU
	EndGlobalSection
	GlobalSection(SolutionProperties) = preSolution
		HideSolutionNode = FALSE
	EndGlobalSection
	GlobalSection(ExtensibilityGlobals) = postSolution
		SolutionGuid = {FAB70D14-A42D-47CC-90A2-F67CE4C4E782}
	EndGlobalSection
EndGlobal
