
Microsoft Visual Studio Solution File, Format Version 12.00
# Visual Studio Version 16
VisualStudioVersion = 16.0.30907.101
MinimumVisualStudioVersion = 10.0.40219.1
Project("{F2A71F9B-5D33-465A-A702-920D77279786}") = "n11", "n11\n11.fsproj", "{ACB7ABA5-B6D0-49E9-854C-3523258F4B14}"
EndProject
Global
	GlobalSection(SolutionConfigurationPlatforms) = preSolution
		Debug|Any CPU = Debug|Any CPU
		Release|Any CPU = Release|Any CPU
	EndGlobalSection
	GlobalSection(ProjectConfigurationPlatforms) = postSolution
		{ACB7ABA5-B6D0-49E9-854C-3523258F4B14}.Debug|Any CPU.ActiveCfg = Debug|Any CPU
		{ACB7ABA5-B6D0-49E9-854C-3523258F4B14}.Debug|Any CPU.Build.0 = Debug|Any CPU
		{ACB7ABA5-B6D0-49E9-854C-3523258F4B14}.Release|Any CPU.ActiveCfg = Release|Any CPU
		{ACB7ABA5-B6D0-49E9-854C-3523258F4B14}.Release|Any CPU.Build.0 = Release|Any CPU
	EndGlobalSection
	GlobalSection(SolutionProperties) = preSolution
		HideSolutionNode = FALSE
	EndGlobalSection
	GlobalSection(ExtensibilityGlobals) = postSolution
		SolutionGuid = {4D5EFF0F-AE26-4B0B-A3D8-38C4EA9CE295}
	EndGlobalSection
EndGlobal
